[root]
name = "blue-notify"
version = "0.1.0"
dependencies = [
 "dbus 0.3.2 (registry+https://github.com/rust-lang/crates.io-index)",
 "notify-rust 3.1.1 (registry+https://github.com/rust-lang/crates.io-index)",
]

[[package]]
name = "dbus"
version = "0.3.2"
source = "registry+https://github.com/rust-lang/crates.io-index"
dependencies = [
 "libc 0.2.8 (registry+https://github.com/rust-lang/crates.io-index)",
 "pkg-config 0.3.8 (registry+https://github.com/rust-lang/crates.io-index)",
]

[[package]]
name = "libc"
version = "0.2.8"
source = "registry+https://github.com/rust-lang/crates.io-index"

[[package]]
name = "notify-rust"
version = "3.1.1"
source = "registry+https://github.com/rust-lang/crates.io-index"
dependencies = [
 "dbus 0.3.2 (registry+https://github.com/rust-lang/crates.io-index)",
]

[[package]]
name = "pkg-config"
version = "0.3.8"
source = "registry+https://github.com/rust-lang/crates.io-index"

